
Microsoft Visual Studio Solution File, Format Version 11.00
# Visual Studio 2010
Project("{FAE04EC0-301F-11D3-BF4B-00C04F79EFBC}") = "SPRINGSITE.DATA", "SPRINGSITE.DATA\SPRINGSITE.DATA.csproj", "{CA410C34-5710-4237-9A8C-7683D81E9A7A}"
EndProject
Project("{FAE04EC0-301F-11D3-BF4B-00C04F79EFBC}") = "SPRINGSITE.DOMAIN", "SPRINGSITE.DOMAIN\SPRINGSITE.DOMAIN.csproj", "{19080B36-1A17-4C7B-A294-862355CB50D5}"
EndProject
Project("{FAE04EC0-301F-11D3-BF4B-00C04F79EFBC}") = "SPRINGSITE.SERVICE", "SPRINGSITE.SERVICE\SPRINGSITE.SERVICE.csproj", "{9217CAFF-016F-4648-B443-47115A25F83F}"
EndProject
Project("{FAE04EC0-301F-11D3-BF4B-00C04F79EFBC}") = "SPRINGSITE.WEB", "SPRINGSITE.WEB\SPRINGSITE.WEB.csproj", "{F53E1851-951F-48A9-835F-9AE9773BD4A8}"
EndProject
Project("{FAE04EC0-301F-11D3-BF4B-00C04F79EFBC}") = "SPRINGSITE.WEB.Tests", "SPRINGSITE.WEB.Tests\SPRINGSITE.WEB.Tests.csproj", "{F2E731DC-B5D1-47BD-8B3E-55C9558F2947}"
EndProject
Global
	GlobalSection(SolutionConfigurationPlatforms) = preSolution
		Debug|Any CPU = Debug|Any CPU
		Release|Any CPU = Release|Any CPU
	EndGlobalSection
	GlobalSection(ProjectConfigurationPlatforms) = postSolution
		{CA410C34-5710-4237-9A8C-7683D81E9A7A}.Debug|Any CPU.ActiveCfg = Debug|Any CPU
		{CA410C34-5710-4237-9A8C-7683D81E9A7A}.Debug|Any CPU.Build.0 = Debug|Any CPU
		{CA410C34-5710-4237-9A8C-7683D81E9A7A}.Release|Any CPU.ActiveCfg = Release|Any CPU
		{CA410C34-5710-4237-9A8C-7683D81E9A7A}.Release|Any CPU.Build.0 = Release|Any CPU
		{19080B36-1A17-4C7B-A294-862355CB50D5}.Debug|Any CPU.ActiveCfg = Debug|Any CPU
		{19080B36-1A17-4C7B-A294-862355CB50D5}.Debug|Any CPU.Build.0 = Debug|Any CPU
		{19080B36-1A17-4C7B-A294-862355CB50D5}.Release|Any CPU.ActiveCfg = Release|Any CPU
		{19080B36-1A17-4C7B-A294-862355CB50D5}.Release|Any CPU.Build.0 = Release|Any CPU
		{9217CAFF-016F-4648-B443-47115A25F83F}.Debug|Any CPU.ActiveCfg = Debug|Any CPU
		{9217CAFF-016F-4648-B443-47115A25F83F}.Debug|Any CPU.Build.0 = Debug|Any CPU
		{9217CAFF-016F-4648-B443-47115A25F83F}.Release|Any CPU.ActiveCfg = Release|Any CPU
		{9217CAFF-016F-4648-B443-47115A25F83F}.Release|Any CPU.Build.0 = Release|Any CPU
		{F53E1851-951F-48A9-835F-9AE9773BD4A8}.Debug|Any CPU.ActiveCfg = Debug|Any CPU
		{F53E1851-951F-48A9-835F-9AE9773BD4A8}.Debug|Any CPU.Build.0 = Debug|Any CPU
		{F53E1851-951F-48A9-835F-9AE9773BD4A8}.Release|Any CPU.ActiveCfg = Release|Any CPU
		{F53E1851-951F-48A9-835F-9AE9773BD4A8}.Release|Any CPU.Build.0 = Release|Any CPU
		{F2E731DC-B5D1-47BD-8B3E-55C9558F2947}.Debug|Any CPU.ActiveCfg = Debug|Any CPU
		{F2E731DC-B5D1-47BD-8B3E-55C9558F2947}.Debug|Any CPU.Build.0 = Debug|Any CPU
		{F2E731DC-B5D1-47BD-8B3E-55C9558F2947}.Release|Any CPU.ActiveCfg = Release|Any CPU
		{F2E731DC-B5D1-47BD-8B3E-55C9558F2947}.Release|Any CPU.Build.0 = Release|Any CPU
	EndGlobalSection
	GlobalSection(SolutionProperties) = preSolution
		HideSolutionNode = FALSE
	EndGlobalSection
EndGlobal
